
Microsoft Visual Studio Solution File, Format Version 12.00
# Visual Studio Version 17
VisualStudioVersion = 17.12.35707.178
MinimumVisualStudioVersion = 10.0.40219.1
Project("{FAE04EC0-301F-11D3-BF4B-00C04F79EFBC}") = "Reactor", "Reactor.csproj", "{425A092C-CF2A-4EEA-9E08-6477FE5FAC4C}"
EndProject
Global
	GlobalSection(SolutionConfigurationPlatforms) = preSolution
		Debug|Any CPU = Debug|Any CPU
		Release|Any CPU = Release|Any CPU
	EndGlobalSection
	GlobalSection(ProjectConfigurationPlatforms) = postSolution
		{425A092C-CF2A-4EEA-9E08-6477FE5FAC4C}.Debug|Any CPU.ActiveCfg = Debug|Any CPU
		{425A092C-CF2A-4EEA-9E08-6477FE5FAC4C}.Debug|Any CPU.Build.0 = Debug|Any CPU
		{425A092C-CF2A-4EEA-9E08-6477FE5FAC4C}.Release|Any CPU.ActiveCfg = Release|Any CPU
		{425A092C-CF2A-4EEA-9E08-6477FE5FAC4C}.Release|Any CPU.Build.0 = Release|Any CPU
	EndGlobalSection
	GlobalSection(SolutionProperties) = preSolution
		HideSolutionNode = FALSE
	EndGlobalSection
	GlobalSection(ExtensibilityGlobals) = postSolution
		SolutionGuid = {DF12564F-F06D-43E4-A7FF-3D3B218F456A}
	EndGlobalSection
EndGlobal
